
Microsoft Visual Studio Solution File, Format Version 12.00
# Visual Studio Version 17
VisualStudioVersion = 17.13.35931.197 d17.13
MinimumVisualStudioVersion = 10.0.40219.1
Project("{9A19103F-16F7-4668-BE54-9A1E7A4F7556}") = "FinanceIntegration", "FinanceIntegration\FinanceIntegration.csproj", "{AAF40395-C900-4B1E-8147-ACC56246E173}"
EndProject
Global
	GlobalSection(SolutionConfigurationPlatforms) = preSolution
		Debug|Any CPU = Debug|Any CPU
		Release|Any CPU = Release|Any CPU
	EndGlobalSection
	GlobalSection(ProjectConfigurationPlatforms) = postSolution
		{AAF40395-C900-4B1E-8147-ACC56246E173}.Debug|Any CPU.ActiveCfg = Debug|Any CPU
		{AAF40395-C900-4B1E-8147-ACC56246E173}.Debug|Any CPU.Build.0 = Debug|Any CPU
		{AAF40395-C900-4B1E-8147-ACC56246E173}.Release|Any CPU.ActiveCfg = Release|Any CPU
		{AAF40395-C900-4B1E-8147-ACC56246E173}.Release|Any CPU.Build.0 = Release|Any CPU
	EndGlobalSection
	GlobalSection(SolutionProperties) = preSolution
		HideSolutionNode = FALSE
	EndGlobalSection
	GlobalSection(ExtensibilityGlobals) = postSolution
		SolutionGuid = {94F11990-05F3-44A2-B519-2346A40E1334}
	EndGlobalSection
EndGlobal
